<?xml version="1.0" encoding="utf-8"?>
<Project ToolsVersion="4.0" xmlns="http://schemas.microsoft.com/developer/msbuild/2003">
  <ItemGroup>
    <ClCompile Include="..\..\chimera\src\Camera.cpp">
      <Filter>src</Filter>
    </ClCompile>
    <ClCompile Include="..\..\chimera\src\CameraMan.cpp">
      <Filter>src</Filter>
    </ClCompile>
    <ClCompile Include="..\..\chimera\src\CameraSpherical.cpp">
      <Filter>src</Filter>
    </ClCompile>
    <ClCompile Include="..\..\chimera\src\ChimeraUtils.cpp">
      <Filter>src</Filter>
    </ClCompile>
    <ClCompile Include="..\..\chimera\src\Color.cpp">
      <Filter>src</Filter>
    </ClCompile>
    <ClCompile Include="..\..\chimera\src\Constraint.cpp">
      <Filter>src</Filter>
    </ClCompile>
    <ClCompile Include="..\..\chimera\src\Font.cpp">
      <Filter>src</Filter>
    </ClCompile>
    <ClCompile Include="..\..\chimera\src\GameClient.cpp">
      <Filter>src</Filter>
    </ClCompile>
    <ClCompile Include="..\..\chimera\src\HUD.cpp">
      <Filter>src</Filter>
    </ClCompile>
    <ClCompile Include="..\..\chimera\src\Light.cpp">
      <Filter>src</Filter>
    </ClCompile>
    <ClCompile Include="..\..\chimera\src\Material.cpp">
      <Filter>src</Filter>
    </ClCompile>
    <ClCompile Include="..\..\chimera\src\Node.cpp">
      <Filter>src</Filter>
    </ClCompile>
    <ClCompile Include="..\..\chimera\src\PhysicsControl.cpp">
      <Filter>src</Filter>
    </ClCompile>
    <ClCompile Include="..\..\chimera\src\SceneMng.cpp">
      <Filter>src</Filter>
    </ClCompile>
    <ClCompile Include="..\..\chimera\src\Texture.cpp">
      <Filter>src</Filter>
    </ClCompile>
    <ClCompile Include="..\..\chimera\src\Timer.cpp">
      <Filter>src</Filter>
    </ClCompile>
    <ClCompile Include="..\..\chimera\src\Video.cpp">
      <Filter>src</Filter>
    </ClCompile>
    <ClCompile Include="..\..\chimera\src\VideoDevice.cpp">
      <Filter>src</Filter>
    </ClCompile>
    <ClCompile Include="..\..\chimera\src\CameraOvr.cpp">
      <Filter>src</Filter>
    </ClCompile>
    <ClCompile Include="..\..\chimera\src\OvrDevice.cpp">
      <Filter>src</Filter>
    </ClCompile>
    <ClCompile Include="..\..\chimera\src\LoaderDae.cpp">
      <Filter>src</Filter>
    </ClCompile>
    <ClCompile Include="..\..\chimera\src\JoystickManager.cpp">
      <Filter>src</Filter>
    </ClCompile>
    <ClCompile Include="..\..\chimera\src\JoystickState.cpp">
      <Filter>src</Filter>
    </ClCompile>
    <ClCompile Include="..\..\chimera\src\Particle.cpp">
      <Filter>src</Filter>
    </ClCompile>
    <ClCompile Include="..\..\chimera\src\ParticleEmitter.cpp">
      <Filter>src</Filter>
    </ClCompile>
    <ClCompile Include="..\..\chimera\src\Draw.cpp">
      <Filter>src</Filter>
    </ClCompile>
    <ClCompile Include="..\..\chimera\src\ShadowMap.cpp">
      <Filter>src</Filter>
    </ClCompile>
    <ClCompile Include="..\..\chimera\src\FlowControl.cpp">
      <Filter>src</Filter>
    </ClCompile>
    <ClCompile Include="..\..\chimera\src\Shader.cpp">
      <Filter>src</Filter>
    </ClCompile>
    <ClCompile Include="..\..\chimera\src\SceneRoot.cpp">
      <Filter>src</Filter>
    </ClCompile>
    <ClCompile Include="..\..\chimera\src\Group.cpp">
      <Filter>src</Filter>
    </ClCompile>
    <ClCompile Include="..\..\chimera\src\State.cpp">
      <Filter>src</Filter>
    </ClCompile>
    <ClCompile Include="..\..\chimera\src\Transform.cpp">
      <Filter>src</Filter>
    </ClCompile>
    <ClCompile Include="..\..\chimera\src\Solid.cpp">
      <Filter>src</Filter>
    </ClCompile>
    <ClCompile Include="..\..\chimera\src\Mesh.cpp">
      <Filter>src</Filter>
    </ClCompile>
    <ClCompile Include="..\..\chimera\src\VboIndexer.cpp">
      <Filter>src</Filter>
    </ClCompile>
    <ClCompile Include="..\..\chimera\src\InitVisitor.cpp">
      <Filter>src</Filter>
    </ClCompile>
    <ClCompile Include="..\..\chimera\src\RenderVisitor.cpp">
      <Filter>src</Filter>
    </ClCompile>
    <ClCompile Include="..\..\chimera\src\MeshUtil.cpp">
      <Filter>src</Filter>
    </ClCompile>
  </ItemGroup>
  <ItemGroup>
    <ClInclude Include="..\..\chimera\include\Camera.h">
      <Filter>include</Filter>
    </ClInclude>
    <ClInclude Include="..\..\chimera\include\CameraMan.h">
      <Filter>include</Filter>
    </ClInclude>
    <ClInclude Include="..\..\chimera\include\CameraSpherical.h">
      <Filter>include</Filter>
    </ClInclude>
    <ClInclude Include="..\..\chimera\include\ChimeraUtils.h">
      <Filter>include</Filter>
    </ClInclude>
    <ClInclude Include="..\..\chimera\include\Color.h">
      <Filter>include</Filter>
    </ClInclude>
    <ClInclude Include="..\..\chimera\include\Constraint.h">
      <Filter>include</Filter>
    </ClInclude>
    <ClInclude Include="..\..\chimera\include\Draw.h">
      <Filter>include</Filter>
    </ClInclude>
    <ClInclude Include="..\..\chimera\include\Entity.h">
      <Filter>include</Filter>
    </ClInclude>
    <ClInclude Include="..\..\chimera\include\Exception.h">
      <Filter>include</Filter>
    </ClInclude>
    <ClInclude Include="..\..\chimera\include\ExceptionChimera.h">
      <Filter>include</Filter>
    </ClInclude>
    <ClInclude Include="..\..\chimera\include\ExceptionSDL.h">
      <Filter>include</Filter>
    </ClInclude>
    <ClInclude Include="..\..\chimera\include\Font.h">
      <Filter>include</Filter>
    </ClInclude>
    <ClInclude Include="..\..\chimera\include\GameClient.h">
      <Filter>include</Filter>
    </ClInclude>
    <ClInclude Include="..\..\chimera\include\HUD.h">
      <Filter>include</Filter>
    </ClInclude>
    <ClInclude Include="..\..\chimera\include\Light.h">
      <Filter>include</Filter>
    </ClInclude>
    <ClInclude Include="..\..\chimera\include\Material.h">
      <Filter>include</Filter>
    </ClInclude>
    <ClInclude Include="..\..\chimera\include\Mutex.h">
      <Filter>include</Filter>
    </ClInclude>
    <ClInclude Include="..\..\chimera\include\Node.h">
      <Filter>include</Filter>
    </ClInclude>
    <ClInclude Include="..\..\chimera\include\PhysicsControl.h">
      <Filter>include</Filter>
    </ClInclude>
    <ClInclude Include="..\..\chimera\include\SceneMng.h">
      <Filter>include</Filter>
    </ClInclude>
    <ClInclude Include="..\..\chimera\include\Singleton.h">
      <Filter>include</Filter>
    </ClInclude>
    <ClInclude Include="..\..\chimera\include\Texture.h">
      <Filter>include</Filter>
    </ClInclude>
    <ClInclude Include="..\..\chimera\include\Timer.h">
      <Filter>include</Filter>
    </ClInclude>
    <ClInclude Include="..\..\chimera\include\Video.h">
      <Filter>include</Filter>
    </ClInclude>
    <ClInclude Include="..\..\chimera\include\CameraOvr.h">
      <Filter>include</Filter>
    </ClInclude>
    <ClInclude Include="..\..\chimera\include\OvrDevice.h">
      <Filter>include</Filter>
    </ClInclude>
    <ClInclude Include="..\..\chimera\include\VideoDevice.h">
      <Filter>include</Filter>
    </ClInclude>
    <ClInclude Include="..\..\chimera\include\DataMsg.h">
      <Filter>include</Filter>
    </ClInclude>
    <ClInclude Include="..\..\chimera\include\LoaderDae.h">
      <Filter>include</Filter>
    </ClInclude>
    <ClInclude Include="..\..\chimera\include\JoystickManager.h">
      <Filter>include</Filter>
    </ClInclude>
    <ClInclude Include="..\..\chimera\include\JoystickState.h">
      <Filter>include</Filter>
    </ClInclude>
    <ClInclude Include="..\..\chimera\include\Particle.h">
      <Filter>include</Filter>
    </ClInclude>
    <ClInclude Include="..\..\chimera\include\ParticleEmitter.h">
      <Filter>include</Filter>
    </ClInclude>
    <ClInclude Include="..\..\chimera\include\ShadowMap.h">
      <Filter>include</Filter>
    </ClInclude>
    <ClInclude Include="..\..\chimera\include\FlowControl.h">
      <Filter>include</Filter>
    </ClInclude>
    <ClInclude Include="..\..\chimera\include\IGameClientEvents.h">
      <Filter>include</Filter>
    </ClInclude>
    <ClInclude Include="..\..\chimera\include\Shader.h">
      <Filter>include</Filter>
    </ClInclude>
    <ClInclude Include="..\..\chimera\include\NodeVisitor.h">
      <Filter>include</Filter>
    </ClInclude>
    <ClInclude Include="..\..\chimera\include\SceneRoot.h">
      <Filter>include</Filter>
    </ClInclude>
    <ClInclude Include="..\..\chimera\include\Group.h">
      <Filter>include</Filter>
    </ClInclude>
    <ClInclude Include="..\..\chimera\include\OpenGLDefs.h">
      <Filter>include</Filter>
    </ClInclude>
    <ClInclude Include="..\..\chimera\include\State.h">
      <Filter>include</Filter>
    </ClInclude>
    <ClInclude Include="..\..\chimera\include\Transform.h">
      <Filter>include</Filter>
    </ClInclude>
    <ClInclude Include="..\..\chimera\include\Coord.h">
      <Filter>include</Filter>
    </ClInclude>
    <ClInclude Include="..\..\chimera\include\Solid.h">
      <Filter>include</Filter>
    </ClInclude>
    <ClInclude Include="..\..\chimera\include\Mesh.h">
      <Filter>include</Filter>
    </ClInclude>
    <ClInclude Include="..\..\chimera\include\VboIndexer.hpp">
      <Filter>include</Filter>
    </ClInclude>
    <ClInclude Include="..\..\chimera\include\InitVisitor.h">
      <Filter>include</Filter>
    </ClInclude>
    <ClInclude Include="..\..\chimera\include\RenderVisitor.h">
      <Filter>include</Filter>
    </ClInclude>
    <ClInclude Include="..\..\chimera\include\MeshUtil.h">
      <Filter>include</Filter>
    </ClInclude>
  </ItemGroup>
  <ItemGroup>
    <Text Include="ReadMe.txt" />
  </ItemGroup>
  <ItemGroup>
    <Filter Include="include">
      <UniqueIdentifier>{d16ef35f-7dce-4fab-87da-dcc66546745d}</UniqueIdentifier>
    </Filter>
    <Filter Include="src">
      <UniqueIdentifier>{351a7849-d542-448d-bf31-ade96b6b841a}</UniqueIdentifier>
    </Filter>
  </ItemGroup>
</Project>