<?xml version="1.0" encoding="utf-8"?>
<Project ToolsVersion="4.0" xmlns="http://schemas.microsoft.com/developer/msbuild/2003">
  <ItemGroup>
    <ClCompile Include="..\..\AppCargaManual\src\Game.cpp">
      <Filter>src</Filter>
    </ClCompile>
    <ClCompile Include="..\..\AppCargaManual\src\main.cpp">
      <Filter>src</Filter>
    </ClCompile>
    <ClCompile Include="..\..\AppCargaManual\src\stdafx.cpp">
      <Filter>src</Filter>
    </ClCompile>
  </ItemGroup>
  <ItemGroup>
    <ClInclude Include="..\..\AppCargaManual\include\Game.h">
      <Filter>include</Filter>
    </ClInclude>
    <ClInclude Include="..\..\AppCargaManual\include\stdafx.h">
      <Filter>include</Filter>
    </ClInclude>
    <ClInclude Include="..\..\AppCargaManual\include\targetver.h">
      <Filter>include</Filter>
    </ClInclude>
  </ItemGroup>
  <ItemGroup>
    <Text Include="ReadMe.txt" />
  </ItemGroup>
  <ItemGroup>
    <Filter Include="include">
      <UniqueIdentifier>{5cb1df73-0404-457b-b190-e3cd1b7b9040}</UniqueIdentifier>
    </Filter>
    <Filter Include="src">
      <UniqueIdentifier>{401c4070-6c13-4641-a65b-dc7720be4aaf}</UniqueIdentifier>
    </Filter>
  </ItemGroup>
</Project>